<?xml version="1.0"?>
<Project ToolsVersion="4.0" xmlns="http://schemas.microsoft.com/developer/msbuild/2003">
	<ItemGroup>
		<ClCompile Include="src\ofApp.cpp">
			<Filter>src</Filter>
		</ClCompile>
		<ClCompile Include="src\main.cpp">
			<Filter>src</Filter>
		</ClCompile>
		<ClCompile Include="src\main.cpp">
			<Filter>src</Filter>
		</ClCompile>
		<ClCompile Include="src\ofApp.cpp">
			<Filter>src</Filter>
		</ClCompile>
		<ClCompile Include="src\Terrain.cpp">
			<Filter>src</Filter>
		</ClCompile>
		<ClCompile Include="..\..\..\..\..\OneDrive\Documents\of_v0.10.1_vs2017_release\of_v0.10.1_vs2017_release\addons\ofxMesh\src\ofxMesh.cpp">
			<Filter>addons\ofxMesh\src</Filter>
		</ClCompile>
	</ItemGroup>
	<ItemGroup>
		<Filter Include="src">
			<UniqueIdentifier>{d8376475-7454-4a24-b08a-aac121d3ad6f}</UniqueIdentifier>
		</Filter>
		<Filter Include="addons">
			<UniqueIdentifier>{71834F65-F3A9-211E-73B8-DC85}</UniqueIdentifier>
		</Filter>
		<Filter Include="addons\ofxMesh">
			<UniqueIdentifier>{BD9AA79D-AE41-CE27-5E17-B49A}</UniqueIdentifier>
		</Filter>
		<Filter Include="addons\ofxMesh\src">
			<UniqueIdentifier>{CECABC67-9795-64CC-7966-E543}</UniqueIdentifier>
		</Filter>
	</ItemGroup>
	<ItemGroup>
		<ClInclude Include="src\ofApp.h">
			<Filter>src</Filter>
		</ClInclude>
		<ClInclude Include="src\ofApp.h">
			<Filter>src</Filter>
		</ClInclude>
		<ClInclude Include="src\Terrain.h">
			<Filter>src</Filter>
		</ClInclude>
		<ClInclude Include="..\..\..\..\..\OneDrive\Documents\of_v0.10.1_vs2017_release\of_v0.10.1_vs2017_release\addons\ofxMesh\src\ofxMesh.h">
			<Filter>addons\ofxMesh\src</Filter>
		</ClInclude>
	</ItemGroup>
	<ItemGroup>
		<ResourceCompile Include="icon.rc" />
	</ItemGroup>
</Project>
